// !$*UTF8*$!
{
	archiveVersion = 1;
	classes = {
	};
	objectVersion = 50;
	objects = {

/* Begin PBXBuildFile section */
		D48A9A74241BDB4C00054B82 /* AppDelegate.swift in Sources */ = {isa = PBXBuildFile; fileRef = D48A9A73241BDB4C00054B82 /* AppDelegate.swift */; };
		D48A9A76241BDB4C00054B82 /* SceneDelegate.swift in Sources */ = {isa = PBXBuildFile; fileRef = D48A9A75241BDB4C00054B82 /* SceneDelegate.swift */; };
		D48A9A7B241BDB4C00054B82 /* Main.storyboard in Resources */ = {isa = PBXBuildFile; fileRef = D48A9A79241BDB4C00054B82 /* Main.storyboard */; };
		D48A9A7D241BDB4D00054B82 /* Assets.xcassets in Resources */ = {isa = PBXBuildFile; fileRef = D48A9A7C241BDB4D00054B82 /* Assets.xcassets */; };
		D48A9A80241BDB4D00054B82 /* LaunchScreen.storyboard in Resources */ = {isa = PBXBuildFile; fileRef = D48A9A7E241BDB4D00054B82 /* LaunchScreen.storyboard */; };
		D48A9A8E241BE3D900054B82 /* Movie.swift in Sources */ = {isa = PBXBuildFile; fileRef = D48A9A8D241BE3D900054B82 /* Movie.swift */; };
		D48A9A90241BE4E000054B82 /* MovieError.swift in Sources */ = {isa = PBXBuildFile; fileRef = D48A9A8F241BE4E000054B82 /* MovieError.swift */; };
		D48A9A92241BE81200054B82 /* MovieController.swift in Sources */ = {isa = PBXBuildFile; fileRef = D48A9A91241BE81200054B82 /* MovieController.swift */; };
		D48A9A94241BF6FC00054B82 /* MovieTableViewController.swift in Sources */ = {isa = PBXBuildFile; fileRef = D48A9A93241BF6FC00054B82 /* MovieTableViewController.swift */; };
		D48A9A96241BFDBB00054B82 /* MovieTableViewCell.swift in Sources */ = {isa = PBXBuildFile; fileRef = D48A9A95241BFDBB00054B82 /* MovieTableViewCell.swift */; };
/* End PBXBuildFile section */

/* Begin PBXFileReference section */
		D48A9A70241BDB4C00054B82 /* MovieSearch.app */ = {isa = PBXFileReference; explicitFileType = wrapper.application; includeInIndex = 0; path = MovieSearch.app; sourceTree = BUILT_PRODUCTS_DIR; };
		D48A9A73241BDB4C00054B82 /* AppDelegate.swift */ = {isa = PBXFileReference; lastKnownFileType = sourcecode.swift; path = AppDelegate.swift; sourceTree = "<group>"; };
		D48A9A75241BDB4C00054B82 /* SceneDelegate.swift */ = {isa = PBXFileReference; lastKnownFileType = sourcecode.swift; path = SceneDelegate.swift; sourceTree = "<group>"; };
		D48A9A7A241BDB4C00054B82 /* Base */ = {isa = PBXFileReference; lastKnownFileType = file.storyboard; name = Base; path = Base.lproj/Main.storyboard; sourceTree = "<group>"; };
		D48A9A7C241BDB4D00054B82 /* Assets.xcassets */ = {isa = PBXFileReference; lastKnownFileType = folder.assetcatalog; path = Assets.xcassets; sourceTree = "<group>"; };
		D48A9A7F241BDB4D00054B82 /* Base */ = {isa = PBXFileReference; lastKnownFileType = file.storyboard; name = Base; path = Base.lproj/LaunchScreen.storyboard; sourceTree = "<group>"; };
		D48A9A81241BDB4D00054B82 /* Info.plist */ = {isa = PBXFileReference; lastKnownFileType = text.plist.xml; path = Info.plist; sourceTree = "<group>"; };
		D48A9A8D241BE3D900054B82 /* Movie.swift */ = {isa = PBXFileReference; lastKnownFileType = sourcecode.swift; path = Movie.swift; sourceTree = "<group>"; };
		D48A9A8F241BE4E000054B82 /* MovieError.swift */ = {isa = PBXFileReference; lastKnownFileType = sourcecode.swift; path = MovieError.swift; sourceTree = "<group>"; };
		D48A9A91241BE81200054B82 /* MovieController.swift */ = {isa = PBXFileReference; lastKnownFileType = sourcecode.swift; path = MovieController.swift; sourceTree = "<group>"; };
		D48A9A93241BF6FC00054B82 /* MovieTableViewController.swift */ = {isa = PBXFileReference; lastKnownFileType = sourcecode.swift; path = MovieTableViewController.swift; sourceTree = "<group>"; };
		D48A9A95241BFDBB00054B82 /* MovieTableViewCell.swift */ = {isa = PBXFileReference; lastKnownFileType = sourcecode.swift; path = MovieTableViewCell.swift; sourceTree = "<group>"; };
/* End PBXFileReference section */

/* Begin PBXFrameworksBuildPhase section */
		D48A9A6D241BDB4C00054B82 /* Frameworks */ = {
			isa = PBXFrameworksBuildPhase;
			buildActionMask = 2147483647;
			files = (
			);
			runOnlyForDeploymentPostprocessing = 0;
		};
/* End PBXFrameworksBuildPhase section */

/* Begin PBXGroup section */
		D48A9A67241BDB4C00054B82 = {
			isa = PBXGroup;
			children = (
				D48A9A72241BDB4C00054B82 /* MovieSearch */,
				D48A9A71241BDB4C00054B82 /* Products */,
			);
			sourceTree = "<group>";
		};
		D48A9A71241BDB4C00054B82 /* Products */ = {
			isa = PBXGroup;
			children = (
				D48A9A70241BDB4C00054B82 /* MovieSearch.app */,
			);
			name = Products;
			sourceTree = "<group>";
		};
		D48A9A72241BDB4C00054B82 /* MovieSearch */ = {
			isa = PBXGroup;
			children = (
				D48A9A8A241BE05B00054B82 /* Models */,
				D48A9A89241BE05400054B82 /* Controllers */,
				D48A9A88241BE03F00054B82 /* Views */,
				D48A9A8B241BE06300054B82 /* Helper */,
				D48A9A87241BDBB800054B82 /* Resources */,
			);
			path = MovieSearch;
			sourceTree = "<group>";
		};
		D48A9A87241BDBB800054B82 /* Resources */ = {
			isa = PBXGroup;
			children = (
				D48A9A73241BDB4C00054B82 /* AppDelegate.swift */,
				D48A9A75241BDB4C00054B82 /* SceneDelegate.swift */,
				D48A9A7C241BDB4D00054B82 /* Assets.xcassets */,
				D48A9A7E241BDB4D00054B82 /* LaunchScreen.storyboard */,
				D48A9A81241BDB4D00054B82 /* Info.plist */,
			);
			path = Resources;
			sourceTree = "<group>";
		};
		D48A9A88241BE03F00054B82 /* Views */ = {
			isa = PBXGroup;
			children = (
				D48A9A97241BFDC200054B82 /* Custom Cells */,
				D48A9A8C241BE07800054B82 /* Storyboard */,
			);
			path = Views;
			sourceTree = "<group>";
		};
		D48A9A89241BE05400054B82 /* Controllers */ = {
			isa = PBXGroup;
			children = (
				D48A9A91241BE81200054B82 /* MovieController.swift */,
				D48A9A93241BF6FC00054B82 /* MovieTableViewController.swift */,
			);
			path = Controllers;
			sourceTree = "<group>";
		};
		D48A9A8A241BE05B00054B82 /* Models */ = {
			isa = PBXGroup;
			children = (
				D48A9A8D241BE3D900054B82 /* Movie.swift */,
			);
			path = Models;
			sourceTree = "<group>";
		};
		D48A9A8B241BE06300054B82 /* Helper */ = {
			isa = PBXGroup;
			children = (
				D48A9A8F241BE4E000054B82 /* MovieError.swift */,
			);
			path = Helper;
			sourceTree = "<group>";
		};
		D48A9A8C241BE07800054B82 /* Storyboard */ = {
			isa = PBXGroup;
			children = (
				D48A9A79241BDB4C00054B82 /* Main.storyboard */,
			);
			path = Storyboard;
			sourceTree = "<group>";
		};
		D48A9A97241BFDC200054B82 /* Custom Cells */ = {
			isa = PBXGroup;
			children = (
				D48A9A95241BFDBB00054B82 /* MovieTableViewCell.swift */,
			);
			path = "Custom Cells";
			sourceTree = "<group>";
		};
/* End PBXGroup section */

/* Begin PBXNativeTarget section */
		D48A9A6F241BDB4C00054B82 /* MovieSearch */ = {
			isa = PBXNativeTarget;
			buildConfigurationList = D48A9A84241BDB4D00054B82 /* Build configuration list for PBXNativeTarget "MovieSearch" */;
			buildPhases = (
				D48A9A6C241BDB4C00054B82 /* Sources */,
				D48A9A6D241BDB4C00054B82 /* Frameworks */,
				D48A9A6E241BDB4C00054B82 /* Resources */,
			);
			buildRules = (
			);
			dependencies = (
			);
			name = MovieSearch;
			productName = MovieSearch;
			productReference = D48A9A70241BDB4C00054B82 /* MovieSearch.app */;
			productType = "com.apple.product-type.application";
		};
/* End PBXNativeTarget section */

/* Begin PBXProject section */
		D48A9A68241BDB4C00054B82 /* Project object */ = {
			isa = PBXProject;
			attributes = {
				LastSwiftUpdateCheck = 1130;
				LastUpgradeCheck = 1130;
				ORGANIZATIONNAME = Turtle;
				TargetAttributes = {
					D48A9A6F241BDB4C00054B82 = {
						CreatedOnToolsVersion = 11.3.1;
					};
				};
			};
			buildConfigurationList = D48A9A6B241BDB4C00054B82 /* Build configuration list for PBXProject "MovieSearch" */;
			compatibilityVersion = "Xcode 9.3";
			developmentRegion = en;
			hasScannedForEncodings = 0;
			knownRegions = (
				en,
				Base,
			);
			mainGroup = D48A9A67241BDB4C00054B82;
			productRefGroup = D48A9A71241BDB4C00054B82 /* Products */;
			projectDirPath = "";
			projectRoot = "";
			targets = (
				D48A9A6F241BDB4C00054B82 /* MovieSearch */,
			);
		};
/* End PBXProject section */

/* Begin PBXResourcesBuildPhase section */
		D48A9A6E241BDB4C00054B82 /* Resources */ = {
			isa = PBXResourcesBuildPhase;
			buildActionMask = 2147483647;
			files = (
				D48A9A80241BDB4D00054B82 /* LaunchScreen.storyboard in Resources */,
				D48A9A7D241BDB4D00054B82 /* Assets.xcassets in Resources */,
				D48A9A7B241BDB4C00054B82 /* Main.storyboard in Resources */,
			);
			runOnlyForDeploymentPostprocessing = 0;
		};
/* End PBXResourcesBuildPhase section */

/* Begin PBXSourcesBuildPhase section */
		D48A9A6C241BDB4C00054B82 /* Sources */ = {
			isa = PBXSourcesBuildPhase;
			buildActionMask = 2147483647;
			files = (
				D48A9A74241BDB4C00054B82 /* AppDelegate.swift in Sources */,
				D48A9A92241BE81200054B82 /* MovieController.swift in Sources */,
				D48A9A96241BFDBB00054B82 /* MovieTableViewCell.swift in Sources */,
				D48A9A94241BF6FC00054B82 /* MovieTableViewController.swift in Sources */,
				D48A9A90241BE4E000054B82 /* MovieError.swift in Sources */,
				D48A9A76241BDB4C00054B82 /* SceneDelegate.swift in Sources */,
				D48A9A8E241BE3D900054B82 /* Movie.swift in Sources */,
			);
			runOnlyForDeploymentPostprocessing = 0;
		};
/* End PBXSourcesBuildPhase section */

/* Begin PBXVariantGroup section */
		D48A9A79241BDB4C00054B82 /* Main.storyboard */ = {
			isa = PBXVariantGroup;
			children = (
				D48A9A7A241BDB4C00054B82 /* Base */,
			);
			name = Main.storyboard;
			sourceTree = "<group>";
		};
		D48A9A7E241BDB4D00054B82 /* LaunchScreen.storyboard */ = {
			isa = PBXVariantGroup;
			children = (
				D48A9A7F241BDB4D00054B82 /* Base */,
			);
			name = LaunchScreen.storyboard;
			sourceTree = "<group>";
		};
/* End PBXVariantGroup section */

/* Begin XCBuildConfiguration section */
		D48A9A82241BDB4D00054B82 /* Debug */ = {
			isa = XCBuildConfiguration;
			buildSettings = {
				ALWAYS_SEARCH_USER_PATHS = NO;
				CLANG_ANALYZER_NONNULL = YES;
				CLANG_ANALYZER_NUMBER_OBJECT_CONVERSION = YES_AGGRESSIVE;
				CLANG_CXX_LANGUAGE_STANDARD = "gnu++14";
				CLANG_CXX_LIBRARY = "libc++";
				CLANG_ENABLE_MODULES = YES;
				CLANG_ENABLE_OBJC_ARC = YES;
				CLANG_ENABLE_OBJC_WEAK = YES;
				CLANG_WARN_BLOCK_CAPTURE_AUTORELEASING = YES;
				CLANG_WARN_BOOL_CONVERSION = YES;
				CLANG_WARN_COMMA = YES;
				CLANG_WARN_CONSTANT_CONVERSION = YES;
				CLANG_WARN_DEPRECATED_OBJC_IMPLEMENTATIONS = YES;
				CLANG_WARN_DIRECT_OBJC_ISA_USAGE = YES_ERROR;
				CLANG_WARN_DOCUMENTATION_COMMENTS = YES;
				CLANG_WARN_EMPTY_BODY = YES;
				CLANG_WARN_ENUM_CONVERSION = YES;
				CLANG_WARN_INFINITE_RECURSION = YES;
				CLANG_WARN_INT_CONVERSION = YES;
				CLANG_WARN_NON_LITERAL_NULL_CONVERSION = YES;
				CLANG_WARN_OBJC_IMPLICIT_RETAIN_SELF = YES;
				CLANG_WARN_OBJC_LITERAL_CONVERSION = YES;
				CLANG_WARN_OBJC_ROOT_CLASS = YES_ERROR;
				CLANG_WARN_RANGE_LOOP_ANALYSIS = YES;
				CLANG_WARN_STRICT_PROTOTYPES = YES;
				CLANG_WARN_SUSPICIOUS_MOVE = YES;
				CLANG_WARN_UNGUARDED_AVAILABILITY = YES_AGGRESSIVE;
				CLANG_WARN_UNREACHABLE_CODE = YES;
				CLANG_WARN__DUPLICATE_METHOD_MATCH = YES;
				COPY_PHASE_STRIP = NO;
				DEBUG_INFORMATION_FORMAT = dwarf;
				ENABLE_STRICT_OBJC_MSGSEND = YES;
				ENABLE_TESTABILITY = YES;
				GCC_C_LANGUAGE_STANDARD = gnu11;
				GCC_DYNAMIC_NO_PIC = NO;
				GCC_NO_COMMON_BLOCKS = YES;
				GCC_OPTIMIZATION_LEVEL = 0;
				GCC_PREPROCESSOR_DEFINITIONS = (
					"DEBUG=1",
					"$(inherited)",
				);
				GCC_WARN_64_TO_32_BIT_CONVERSION = YES;
				GCC_WARN_ABOUT_RETURN_TYPE = YES_ERROR;
				GCC_WARN_UNDECLARED_SELECTOR = YES;
				GCC_WARN_UNINITIALIZED_AUTOS = YES_AGGRESSIVE;
				GCC_WARN_UNUSED_FUNCTION = YES;
				GCC_WARN_UNUSED_VARIABLE = YES;
				IPHONEOS_DEPLOYMENT_TARGET = 13.2;
				MTL_ENABLE_DEBUG_INFO = INCLUDE_SOURCE;
				MTL_FAST_MATH = YES;
				ONLY_ACTIVE_ARCH = YES;
				SDKROOT = iphoneos;
				SWIFT_ACTIVE_COMPILATION_CONDITIONS = DEBUG;
				SWIFT_OPTIMIZATION_LEVEL = "-Onone";
			};
			name = Debug;
		};
		D48A9A83241BDB4D00054B82 /* Release */ = {
			isa = XCBuildConfiguration;
			buildSettings = {
				ALWAYS_SEARCH_USER_PATHS = NO;
				CLANG_ANALYZER_NONNULL = YES;
				CLANG_ANALYZER_NUMBER_OBJECT_CONVERSION = YES_AGGRESSIVE;
				CLANG_CXX_LANGUAGE_STANDARD = "gnu++14";
				CLANG_CXX_LIBRARY = "libc++";
				CLANG_ENABLE_MODULES = YES;
				CLANG_ENABLE_OBJC_ARC = YES;
				CLANG_ENABLE_OBJC_WEAK = YES;
				CLANG_WARN_BLOCK_CAPTURE_AUTORELEASING = YES;
				CLANG_WARN_BOOL_CONVERSION = YES;
				CLANG_WARN_COMMA = YES;
				CLANG_WARN_CONSTANT_CONVERSION = YES;
				CLANG_WARN_DEPRECATED_OBJC_IMPLEMENTATIONS = YES;
				CLANG_WARN_DIRECT_OBJC_ISA_USAGE = YES_ERROR;
				CLANG_WARN_DOCUMENTATION_COMMENTS = YES;
				CLANG_WARN_EMPTY_BODY = YES;
				CLANG_WARN_ENUM_CONVERSION = YES;
				CLANG_WARN_INFINITE_RECURSION = YES;
				CLANG_WARN_INT_CONVERSION = YES;
				CLANG_WARN_NON_LITERAL_NULL_CONVERSION = YES;
				CLANG_WARN_OBJC_IMPLICIT_RETAIN_SELF = YES;
				CLANG_WARN_OBJC_LITERAL_CONVERSION = YES;
				CLANG_WARN_OBJC_ROOT_CLASS = YES_ERROR;
				CLANG_WARN_RANGE_LOOP_ANALYSIS = YES;
				CLANG_WARN_STRICT_PROTOTYPES = YES;
				CLANG_WARN_SUSPICIOUS_MOVE = YES;
				CLANG_WARN_UNGUARDED_AVAILABILITY = YES_AGGRESSIVE;
				CLANG_WARN_UNREACHABLE_CODE = YES;
				CLANG_WARN__DUPLICATE_METHOD_MATCH = YES;
				COPY_PHASE_STRIP = NO;
				DEBUG_INFORMATION_FORMAT = "dwarf-with-dsym";
				ENABLE_NS_ASSERTIONS = NO;
				ENABLE_STRICT_OBJC_MSGSEND = YES;
				GCC_C_LANGUAGE_STANDARD = gnu11;
				GCC_NO_COMMON_BLOCKS = YES;
				GCC_WARN_64_TO_32_BIT_CONVERSION = YES;
				GCC_WARN_ABOUT_RETURN_TYPE = YES_ERROR;
				GCC_WARN_UNDECLARED_SELECTOR = YES;
				GCC_WARN_UNINITIALIZED_AUTOS = YES_AGGRESSIVE;
				GCC_WARN_UNUSED_FUNCTION = YES;
				GCC_WARN_UNUSED_VARIABLE = YES;
				IPHONEOS_DEPLOYMENT_TARGET = 13.2;
				MTL_ENABLE_DEBUG_INFO = NO;
				MTL_FAST_MATH = YES;
				SDKROOT = iphoneos;
				SWIFT_COMPILATION_MODE = wholemodule;
				SWIFT_OPTIMIZATION_LEVEL = "-O";
				VALIDATE_PRODUCT = YES;
			};
			name = Release;
		};
		D48A9A85241BDB4D00054B82 /* Debug */ = {
			isa = XCBuildConfiguration;
			buildSettings = {
				ASSETCATALOG_COMPILER_APPICON_NAME = AppIcon;
				CODE_SIGN_STYLE = Automatic;
				DEVELOPMENT_TEAM = H3N9XPK38Q;
				INFOPLIST_FILE = MovieSearch/Resources/Info.plist;
				LD_RUNPATH_SEARCH_PATHS = (
					"$(inherited)",
					"@executable_path/Frameworks",
				);
				PRODUCT_BUNDLE_IDENTIFIER = SIB.Production.MovieSearch;
				PRODUCT_NAME = "$(TARGET_NAME)";
				SWIFT_VERSION = 5.0;
				TARGETED_DEVICE_FAMILY = "1,2";
			};
			name = Debug;
		};
		D48A9A86241BDB4D00054B82 /* Release */ = {
			isa = XCBuildConfiguration;
			buildSettings = {
				ASSETCATALOG_COMPILER_APPICON_NAME = AppIcon;
				CODE_SIGN_STYLE = Automatic;
				DEVELOPMENT_TEAM = H3N9XPK38Q;
				INFOPLIST_FILE = MovieSearch/Resources/Info.plist;
				LD_RUNPATH_SEARCH_PATHS = (
					"$(inherited)",
					"@executable_path/Frameworks",
				);
				PRODUCT_BUNDLE_IDENTIFIER = SIB.Production.MovieSearch;
				PRODUCT_NAME = "$(TARGET_NAME)";
				SWIFT_VERSION = 5.0;
				TARGETED_DEVICE_FAMILY = "1,2";
			};
			name = Release;
		};
/* End XCBuildConfiguration section */

/* Begin XCConfigurationList section */
		D48A9A6B241BDB4C00054B82 /* Build configuration list for PBXProject "MovieSearch" */ = {
			isa = XCConfigurationList;
			buildConfigurations = (
				D48A9A82241BDB4D00054B82 /* Debug */,
				D48A9A83241BDB4D00054B82 /* Release */,
			);
			defaultConfigurationIsVisible = 0;
			defaultConfigurationName = Release;
		};
		D48A9A84241BDB4D00054B82 /* Build configuration list for PBXNativeTarget "MovieSearch" */ = {
			isa = XCConfigurationList;
			buildConfigurations = (
				D48A9A85241BDB4D00054B82 /* Debug */,
				D48A9A86241BDB4D00054B82 /* Release */,
			);
			defaultConfigurationIsVisible = 0;
			defaultConfigurationName = Release;
		};
/* End XCConfigurationList section */
	};
	rootObject = D48A9A68241BDB4C00054B82 /* Project object */;
}
